
Microsoft Visual Studio Solution File, Format Version 12.00
# Visual Studio Version 16
VisualStudioVersion = 16.0.34729.46
MinimumVisualStudioVersion = 10.0.40219.1
Project("{FAE04EC0-301F-11D3-BF4B-00C04F79EFBC}") = "Exercício_Hotel", "Exercício_Hotel\Exercício_Hotel.csproj", "{7B5D494E-752A-469F-9519-82401720AE11}"
EndProject
Project("{FAE04EC0-301F-11D3-BF4B-00C04F79EFBC}") = "Saved_Exercises", "..\Saved_Exercises\Saved_Exercises.csproj", "{05162BBE-CFFB-4C80-92EA-24502FAB2DB1}"
EndProject
Global
	GlobalSection(SolutionConfigurationPlatforms) = preSolution
		Debug|Any CPU = Debug|Any CPU
		Release|Any CPU = Release|Any CPU
	EndGlobalSection
	GlobalSection(ProjectConfigurationPlatforms) = postSolution
		{7B5D494E-752A-469F-9519-82401720AE11}.Debug|Any CPU.ActiveCfg = Debug|Any CPU
		{7B5D494E-752A-469F-9519-82401720AE11}.Debug|Any CPU.Build.0 = Debug|Any CPU
		{7B5D494E-752A-469F-9519-82401720AE11}.Release|Any CPU.ActiveCfg = Release|Any CPU
		{7B5D494E-752A-469F-9519-82401720AE11}.Release|Any CPU.Build.0 = Release|Any CPU
		{05162BBE-CFFB-4C80-92EA-24502FAB2DB1}.Debug|Any CPU.ActiveCfg = Debug|Any CPU
		{05162BBE-CFFB-4C80-92EA-24502FAB2DB1}.Debug|Any CPU.Build.0 = Debug|Any CPU
		{05162BBE-CFFB-4C80-92EA-24502FAB2DB1}.Release|Any CPU.ActiveCfg = Release|Any CPU
		{05162BBE-CFFB-4C80-92EA-24502FAB2DB1}.Release|Any CPU.Build.0 = Release|Any CPU
	EndGlobalSection
	GlobalSection(SolutionProperties) = preSolution
		HideSolutionNode = FALSE
	EndGlobalSection
	GlobalSection(ExtensibilityGlobals) = postSolution
		SolutionGuid = {418AF456-37C5-491D-B76A-F08D0ED2A5EF}
	EndGlobalSection
EndGlobal
